// !$*UTF8*$!
{
	archiveVersion = 1;
	classes = {
	};
	objectVersion = 50;
	objects = {

/* Begin PBXBuildFile section */
		1819FEB62425BE04007AA9DB /* AppDelegate.swift in Sources */ = {isa = PBXBuildFile; fileRef = 1819FEB52425BE03007AA9DB /* AppDelegate.swift */; };
		1819FEB82425BE04007AA9DB /* SceneDelegate.swift in Sources */ = {isa = PBXBuildFile; fileRef = 1819FEB72425BE04007AA9DB /* SceneDelegate.swift */; };
		1819FEBA2425BE04007AA9DB /* ContentView.swift in Sources */ = {isa = PBXBuildFile; fileRef = 1819FEB92425BE04007AA9DB /* ContentView.swift */; };
		1819FEBC2425BE04007AA9DB /* Assets.xcassets in Resources */ = {isa = PBXBuildFile; fileRef = 1819FEBB2425BE04007AA9DB /* Assets.xcassets */; };
		1819FEBF2425BE04007AA9DB /* Preview Assets.xcassets in Resources */ = {isa = PBXBuildFile; fileRef = 1819FEBE2425BE04007AA9DB /* Preview Assets.xcassets */; };
		1819FEC22425BE04007AA9DB /* LaunchScreen.storyboard in Resources */ = {isa = PBXBuildFile; fileRef = 1819FEC02425BE04007AA9DB /* LaunchScreen.storyboard */; };
/* End PBXBuildFile section */

/* Begin PBXFileReference section */
		1819FEB22425BE03007AA9DB /* Swift Tour.app */ = {isa = PBXFileReference; explicitFileType = wrapper.application; includeInIndex = 0; path = "Swift Tour.app"; sourceTree = BUILT_PRODUCTS_DIR; };
		1819FEB52425BE03007AA9DB /* AppDelegate.swift */ = {isa = PBXFileReference; lastKnownFileType = sourcecode.swift; path = AppDelegate.swift; sourceTree = "<group>"; };
		1819FEB72425BE04007AA9DB /* SceneDelegate.swift */ = {isa = PBXFileReference; lastKnownFileType = sourcecode.swift; path = SceneDelegate.swift; sourceTree = "<group>"; };
		1819FEB92425BE04007AA9DB /* ContentView.swift */ = {isa = PBXFileReference; lastKnownFileType = sourcecode.swift; path = ContentView.swift; sourceTree = "<group>"; };
		1819FEBB2425BE04007AA9DB /* Assets.xcassets */ = {isa = PBXFileReference; lastKnownFileType = folder.assetcatalog; path = Assets.xcassets; sourceTree = "<group>"; };
		1819FEBE2425BE04007AA9DB /* Preview Assets.xcassets */ = {isa = PBXFileReference; lastKnownFileType = folder.assetcatalog; path = "Preview Assets.xcassets"; sourceTree = "<group>"; };
		1819FEC12425BE04007AA9DB /* Base */ = {isa = PBXFileReference; lastKnownFileType = file.storyboard; name = Base; path = Base.lproj/LaunchScreen.storyboard; sourceTree = "<group>"; };
		1819FEC32425BE04007AA9DB /* Info.plist */ = {isa = PBXFileReference; lastKnownFileType = text.plist.xml; path = Info.plist; sourceTree = "<group>"; };
/* End PBXFileReference section */

/* Begin PBXFrameworksBuildPhase section */
		1819FEAF2425BE03007AA9DB /* Frameworks */ = {
			isa = PBXFrameworksBuildPhase;
			buildActionMask = 2147483647;
			files = (
			);
			runOnlyForDeploymentPostprocessing = 0;
		};
/* End PBXFrameworksBuildPhase section */

/* Begin PBXGroup section */
		1819FEA92425BE03007AA9DB = {
			isa = PBXGroup;
			children = (
				1819FEB42425BE03007AA9DB /* Swift Tour */,
				1819FEB32425BE03007AA9DB /* Products */,
			);
			sourceTree = "<group>";
		};
		1819FEB32425BE03007AA9DB /* Products */ = {
			isa = PBXGroup;
			children = (
				1819FEB22425BE03007AA9DB /* Swift Tour.app */,
			);
			name = Products;
			sourceTree = "<group>";
		};
		1819FEB42425BE03007AA9DB /* Swift Tour */ = {
			isa = PBXGroup;
			children = (
				1819FEB52425BE03007AA9DB /* AppDelegate.swift */,
				1819FEB72425BE04007AA9DB /* SceneDelegate.swift */,
				1819FEB92425BE04007AA9DB /* ContentView.swift */,
				1819FEBB2425BE04007AA9DB /* Assets.xcassets */,
				1819FEC02425BE04007AA9DB /* LaunchScreen.storyboard */,
				1819FEC32425BE04007AA9DB /* Info.plist */,
				1819FEBD2425BE04007AA9DB /* Preview Content */,
			);
			path = "Swift Tour";
			sourceTree = "<group>";
		};
		1819FEBD2425BE04007AA9DB /* Preview Content */ = {
			isa = PBXGroup;
			children = (
				1819FEBE2425BE04007AA9DB /* Preview Assets.xcassets */,
			);
			path = "Preview Content";
			sourceTree = "<group>";
		};
/* End PBXGroup section */

/* Begin PBXNativeTarget section */
		1819FEB12425BE03007AA9DB /* Swift Tour */ = {
			isa = PBXNativeTarget;
			buildConfigurationList = 1819FEC62425BE04007AA9DB /* Build configuration list for PBXNativeTarget "Swift Tour" */;
			buildPhases = (
				1819FEAE2425BE03007AA9DB /* Sources */,
				1819FEAF2425BE03007AA9DB /* Frameworks */,
				1819FEB02425BE03007AA9DB /* Resources */,
			);
			buildRules = (
			);
			dependencies = (
			);
			name = "Swift Tour";
			productName = "Swift Tour";
			productReference = 1819FEB22425BE03007AA9DB /* Swift Tour.app */;
			productType = "com.apple.product-type.application";
		};
/* End PBXNativeTarget section */

/* Begin PBXProject section */
		1819FEAA2425BE03007AA9DB /* Project object */ = {
			isa = PBXProject;
			attributes = {
				LastSwiftUpdateCheck = 1130;
				LastUpgradeCheck = 1130;
				ORGANIZATIONNAME = "Jeff Holmes";
				TargetAttributes = {
					1819FEB12425BE03007AA9DB = {
						CreatedOnToolsVersion = 11.3.1;
					};
				};
			};
			buildConfigurationList = 1819FEAD2425BE03007AA9DB /* Build configuration list for PBXProject "Swift Tour" */;
			compatibilityVersion = "Xcode 9.3";
			developmentRegion = en;
			hasScannedForEncodings = 0;
			knownRegions = (
				en,
				Base,
			);
			mainGroup = 1819FEA92425BE03007AA9DB;
			productRefGroup = 1819FEB32425BE03007AA9DB /* Products */;
			projectDirPath = "";
			projectRoot = "";
			targets = (
				1819FEB12425BE03007AA9DB /* Swift Tour */,
			);
		};
/* End PBXProject section */

/* Begin PBXResourcesBuildPhase section */
		1819FEB02425BE03007AA9DB /* Resources */ = {
			isa = PBXResourcesBuildPhase;
			buildActionMask = 2147483647;
			files = (
				1819FEC22425BE04007AA9DB /* LaunchScreen.storyboard in Resources */,
				1819FEBF2425BE04007AA9DB /* Preview Assets.xcassets in Resources */,
				1819FEBC2425BE04007AA9DB /* Assets.xcassets in Resources */,
			);
			runOnlyForDeploymentPostprocessing = 0;
		};
/* End PBXResourcesBuildPhase section */

/* Begin PBXSourcesBuildPhase section */
		1819FEAE2425BE03007AA9DB /* Sources */ = {
			isa = PBXSourcesBuildPhase;
			buildActionMask = 2147483647;
			files = (
				1819FEB62425BE04007AA9DB /* AppDelegate.swift in Sources */,
				1819FEB82425BE04007AA9DB /* SceneDelegate.swift in Sources */,
				1819FEBA2425BE04007AA9DB /* ContentView.swift in Sources */,
			);
			runOnlyForDeploymentPostprocessing = 0;
		};
/* End PBXSourcesBuildPhase section */

/* Begin PBXVariantGroup section */
		1819FEC02425BE04007AA9DB /* LaunchScreen.storyboard */ = {
			isa = PBXVariantGroup;
			children = (
				1819FEC12425BE04007AA9DB /* Base */,
			);
			name = LaunchScreen.storyboard;
			sourceTree = "<group>";
		};
/* End PBXVariantGroup section */

/* Begin XCBuildConfiguration section */
		1819FEC42425BE04007AA9DB /* Debug */ = {
			isa = XCBuildConfiguration;
			buildSettings = {
				ALWAYS_SEARCH_USER_PATHS = NO;
				CLANG_ANALYZER_NONNULL = YES;
				CLANG_ANALYZER_NUMBER_OBJECT_CONVERSION = YES_AGGRESSIVE;
				CLANG_CXX_LANGUAGE_STANDARD = "gnu++14";
				CLANG_CXX_LIBRARY = "libc++";
				CLANG_ENABLE_MODULES = YES;
				CLANG_ENABLE_OBJC_ARC = YES;
				CLANG_ENABLE_OBJC_WEAK = YES;
				CLANG_WARN_BLOCK_CAPTURE_AUTORELEASING = YES;
				CLANG_WARN_BOOL_CONVERSION = YES;
				CLANG_WARN_COMMA = YES;
				CLANG_WARN_CONSTANT_CONVERSION = YES;
				CLANG_WARN_DEPRECATED_OBJC_IMPLEMENTATIONS = YES;
				CLANG_WARN_DIRECT_OBJC_ISA_USAGE = YES_ERROR;
				CLANG_WARN_DOCUMENTATION_COMMENTS = YES;
				CLANG_WARN_EMPTY_BODY = YES;
				CLANG_WARN_ENUM_CONVERSION = YES;
				CLANG_WARN_INFINITE_RECURSION = YES;
				CLANG_WARN_INT_CONVERSION = YES;
				CLANG_WARN_NON_LITERAL_NULL_CONVERSION = YES;
				CLANG_WARN_OBJC_IMPLICIT_RETAIN_SELF = YES;
				CLANG_WARN_OBJC_LITERAL_CONVERSION = YES;
				CLANG_WARN_OBJC_ROOT_CLASS = YES_ERROR;
				CLANG_WARN_RANGE_LOOP_ANALYSIS = YES;
				CLANG_WARN_STRICT_PROTOTYPES = YES;
				CLANG_WARN_SUSPICIOUS_MOVE = YES;
				CLANG_WARN_UNGUARDED_AVAILABILITY = YES_AGGRESSIVE;
				CLANG_WARN_UNREACHABLE_CODE = YES;
				CLANG_WARN__DUPLICATE_METHOD_MATCH = YES;
				COPY_PHASE_STRIP = NO;
				DEBUG_INFORMATION_FORMAT = dwarf;
				ENABLE_STRICT_OBJC_MSGSEND = YES;
				ENABLE_TESTABILITY = YES;
				GCC_C_LANGUAGE_STANDARD = gnu11;
				GCC_DYNAMIC_NO_PIC = NO;
				GCC_NO_COMMON_BLOCKS = YES;
				GCC_OPTIMIZATION_LEVEL = 0;
				GCC_PREPROCESSOR_DEFINITIONS = (
					"DEBUG=1",
					"$(inherited)",
				);
				GCC_WARN_64_TO_32_BIT_CONVERSION = YES;
				GCC_WARN_ABOUT_RETURN_TYPE = YES_ERROR;
				GCC_WARN_UNDECLARED_SELECTOR = YES;
				GCC_WARN_UNINITIALIZED_AUTOS = YES_AGGRESSIVE;
				GCC_WARN_UNUSED_FUNCTION = YES;
				GCC_WARN_UNUSED_VARIABLE = YES;
				IPHONEOS_DEPLOYMENT_TARGET = 13.2;
				MTL_ENABLE_DEBUG_INFO = INCLUDE_SOURCE;
				MTL_FAST_MATH = YES;
				ONLY_ACTIVE_ARCH = YES;
				SDKROOT = iphoneos;
				SWIFT_ACTIVE_COMPILATION_CONDITIONS = DEBUG;
				SWIFT_OPTIMIZATION_LEVEL = "-Onone";
			};
			name = Debug;
		};
		1819FEC52425BE04007AA9DB /* Release */ = {
			isa = XCBuildConfiguration;
			buildSettings = {
				ALWAYS_SEARCH_USER_PATHS = NO;
				CLANG_ANALYZER_NONNULL = YES;
				CLANG_ANALYZER_NUMBER_OBJECT_CONVERSION = YES_AGGRESSIVE;
				CLANG_CXX_LANGUAGE_STANDARD = "gnu++14";
				CLANG_CXX_LIBRARY = "libc++";
				CLANG_ENABLE_MODULES = YES;
				CLANG_ENABLE_OBJC_ARC = YES;
				CLANG_ENABLE_OBJC_WEAK = YES;
				CLANG_WARN_BLOCK_CAPTURE_AUTORELEASING = YES;
				CLANG_WARN_BOOL_CONVERSION = YES;
				CLANG_WARN_COMMA = YES;
				CLANG_WARN_CONSTANT_CONVERSION = YES;
				CLANG_WARN_DEPRECATED_OBJC_IMPLEMENTATIONS = YES;
				CLANG_WARN_DIRECT_OBJC_ISA_USAGE = YES_ERROR;
				CLANG_WARN_DOCUMENTATION_COMMENTS = YES;
				CLANG_WARN_EMPTY_BODY = YES;
				CLANG_WARN_ENUM_CONVERSION = YES;
				CLANG_WARN_INFINITE_RECURSION = YES;
				CLANG_WARN_INT_CONVERSION = YES;
				CLANG_WARN_NON_LITERAL_NULL_CONVERSION = YES;
				CLANG_WARN_OBJC_IMPLICIT_RETAIN_SELF = YES;
				CLANG_WARN_OBJC_LITERAL_CONVERSION = YES;
				CLANG_WARN_OBJC_ROOT_CLASS = YES_ERROR;
				CLANG_WARN_RANGE_LOOP_ANALYSIS = YES;
				CLANG_WARN_STRICT_PROTOTYPES = YES;
				CLANG_WARN_SUSPICIOUS_MOVE = YES;
				CLANG_WARN_UNGUARDED_AVAILABILITY = YES_AGGRESSIVE;
				CLANG_WARN_UNREACHABLE_CODE = YES;
				CLANG_WARN__DUPLICATE_METHOD_MATCH = YES;
				COPY_PHASE_STRIP = NO;
				DEBUG_INFORMATION_FORMAT = "dwarf-with-dsym";
				ENABLE_NS_ASSERTIONS = NO;
				ENABLE_STRICT_OBJC_MSGSEND = YES;
				GCC_C_LANGUAGE_STANDARD = gnu11;
				GCC_NO_COMMON_BLOCKS = YES;
				GCC_WARN_64_TO_32_BIT_CONVERSION = YES;
				GCC_WARN_ABOUT_RETURN_TYPE = YES_ERROR;
				GCC_WARN_UNDECLARED_SELECTOR = YES;
				GCC_WARN_UNINITIALIZED_AUTOS = YES_AGGRESSIVE;
				GCC_WARN_UNUSED_FUNCTION = YES;
				GCC_WARN_UNUSED_VARIABLE = YES;
				IPHONEOS_DEPLOYMENT_TARGET = 13.2;
				MTL_ENABLE_DEBUG_INFO = NO;
				MTL_FAST_MATH = YES;
				SDKROOT = iphoneos;
				SWIFT_COMPILATION_MODE = wholemodule;
				SWIFT_OPTIMIZATION_LEVEL = "-O";
				VALIDATE_PRODUCT = YES;
			};
			name = Release;
		};
		1819FEC72425BE04007AA9DB /* Debug */ = {
			isa = XCBuildConfiguration;
			buildSettings = {
				ASSETCATALOG_COMPILER_APPICON_NAME = AppIcon;
				CODE_SIGN_STYLE = Automatic;
				DEVELOPMENT_ASSET_PATHS = "\"Swift Tour/Preview Content\"";
				DEVELOPMENT_TEAM = 758VAYCPQA;
				ENABLE_PREVIEWS = YES;
				INFOPLIST_FILE = "Swift Tour/Info.plist";
				LD_RUNPATH_SEARCH_PATHS = (
					"$(inherited)",
					"@executable_path/Frameworks",
				);
				PRODUCT_BUNDLE_IDENTIFIER = "com.cogentcoder.Swift-Tour";
				PRODUCT_NAME = "$(TARGET_NAME)";
				SWIFT_VERSION = 5.0;
				TARGETED_DEVICE_FAMILY = "1,2";
			};
			name = Debug;
		};
		1819FEC82425BE04007AA9DB /* Release */ = {
			isa = XCBuildConfiguration;
			buildSettings = {
				ASSETCATALOG_COMPILER_APPICON_NAME = AppIcon;
				CODE_SIGN_STYLE = Automatic;
				DEVELOPMENT_ASSET_PATHS = "\"Swift Tour/Preview Content\"";
				DEVELOPMENT_TEAM = 758VAYCPQA;
				ENABLE_PREVIEWS = YES;
				INFOPLIST_FILE = "Swift Tour/Info.plist";
				LD_RUNPATH_SEARCH_PATHS = (
					"$(inherited)",
					"@executable_path/Frameworks",
				);
				PRODUCT_BUNDLE_IDENTIFIER = "com.cogentcoder.Swift-Tour";
				PRODUCT_NAME = "$(TARGET_NAME)";
				SWIFT_VERSION = 5.0;
				TARGETED_DEVICE_FAMILY = "1,2";
			};
			name = Release;
		};
/* End XCBuildConfiguration section */

/* Begin XCConfigurationList section */
		1819FEAD2425BE03007AA9DB /* Build configuration list for PBXProject "Swift Tour" */ = {
			isa = XCConfigurationList;
			buildConfigurations = (
				1819FEC42425BE04007AA9DB /* Debug */,
				1819FEC52425BE04007AA9DB /* Release */,
			);
			defaultConfigurationIsVisible = 0;
			defaultConfigurationName = Release;
		};
		1819FEC62425BE04007AA9DB /* Build configuration list for PBXNativeTarget "Swift Tour" */ = {
			isa = XCConfigurationList;
			buildConfigurations = (
				1819FEC72425BE04007AA9DB /* Debug */,
				1819FEC82425BE04007AA9DB /* Release */,
			);
			defaultConfigurationIsVisible = 0;
			defaultConfigurationName = Release;
		};
/* End XCConfigurationList section */
	};
	rootObject = 1819FEAA2425BE03007AA9DB /* Project object */;
}
